// !$*UTF8*$!
{
	archiveVersion = 1;
	classes = {
	};
	objectVersion = 50;
	objects = {

/* Begin PBXBuildFile section */
		39BB2AFC208721D100CB884D /* GGPayKit_Category.framework in Frameworks */ = {isa = PBXBuildFile; fileRef = 39BB2AF2208721D100CB884D /* GGPayKit_Category.framework */; };
		39BB2B01208721D100CB884D /* GGPayKit_CategoryTests.m in Sources */ = {isa = PBXBuildFile; fileRef = 39BB2B00208721D100CB884D /* GGPayKit_CategoryTests.m */; };
		39BB2B03208721D100CB884D /* GGPayKit_Category.h in Headers */ = {isa = PBXBuildFile; fileRef = 39BB2AF5208721D100CB884D /* GGPayKit_Category.h */; settings = {ATTRIBUTES = (Public, ); }; };
		39BB2B0E2087234000CB884D /* FDMediator+GGPayKit.swift in Sources */ = {isa = PBXBuildFile; fileRef = 39BB2B0D2087234000CB884D /* FDMediator+GGPayKit.swift */; };
		6CA8463AEF137D1E3E2DE79E /* Pods_GGPayKit_Category.framework in Frameworks */ = {isa = PBXBuildFile; fileRef = 1D2D138EA2F6B7375BC886BF /* Pods_GGPayKit_Category.framework */; };
		BFC30D05D749F955B2E9FAC4 /* Pods_GGPayKit_CategoryTests.framework in Frameworks */ = {isa = PBXBuildFile; fileRef = 6025094A653CB6015F767A8D /* Pods_GGPayKit_CategoryTests.framework */; };
/* End PBXBuildFile section */

/* Begin PBXContainerItemProxy section */
		39BB2AFD208721D100CB884D /* PBXContainerItemProxy */ = {
			isa = PBXContainerItemProxy;
			containerPortal = 39BB2AE9208721D100CB884D /* Project object */;
			proxyType = 1;
			remoteGlobalIDString = 39BB2AF1208721D100CB884D;
			remoteInfo = GGPayKit_Category;
		};
/* End PBXContainerItemProxy section */

/* Begin PBXFileReference section */
		1977C8E1209A6B3DBE0B3CF9 /* Pods-GGPayKit_Category.release.xcconfig */ = {isa = PBXFileReference; includeInIndex = 1; lastKnownFileType = text.xcconfig; name = "Pods-GGPayKit_Category.release.xcconfig"; path = "Pods/Target Support Files/Pods-GGPayKit_Category/Pods-GGPayKit_Category.release.xcconfig"; sourceTree = "<group>"; };
		1D2D138EA2F6B7375BC886BF /* Pods_GGPayKit_Category.framework */ = {isa = PBXFileReference; explicitFileType = wrapper.framework; includeInIndex = 0; path = Pods_GGPayKit_Category.framework; sourceTree = BUILT_PRODUCTS_DIR; };
		39BB2AF2208721D100CB884D /* GGPayKit_Category.framework */ = {isa = PBXFileReference; explicitFileType = wrapper.framework; includeInIndex = 0; path = GGPayKit_Category.framework; sourceTree = BUILT_PRODUCTS_DIR; };
		39BB2AF5208721D100CB884D /* GGPayKit_Category.h */ = {isa = PBXFileReference; lastKnownFileType = sourcecode.c.h; path = GGPayKit_Category.h; sourceTree = "<group>"; };
		39BB2AF6208721D100CB884D /* Info.plist */ = {isa = PBXFileReference; lastKnownFileType = text.plist.xml; path = Info.plist; sourceTree = "<group>"; };
		39BB2AFB208721D100CB884D /* GGPayKit_CategoryTests.xctest */ = {isa = PBXFileReference; explicitFileType = wrapper.cfbundle; includeInIndex = 0; path = GGPayKit_CategoryTests.xctest; sourceTree = BUILT_PRODUCTS_DIR; };
		39BB2B00208721D100CB884D /* GGPayKit_CategoryTests.m */ = {isa = PBXFileReference; lastKnownFileType = sourcecode.c.objc; path = GGPayKit_CategoryTests.m; sourceTree = "<group>"; };
		39BB2B02208721D100CB884D /* Info.plist */ = {isa = PBXFileReference; lastKnownFileType = text.plist.xml; path = Info.plist; sourceTree = "<group>"; };
		39BB2B0D2087234000CB884D /* FDMediator+GGPayKit.swift */ = {isa = PBXFileReference; fileEncoding = 4; lastKnownFileType = sourcecode.swift; path = "FDMediator+GGPayKit.swift"; sourceTree = "<group>"; };
		6025094A653CB6015F767A8D /* Pods_GGPayKit_CategoryTests.framework */ = {isa = PBXFileReference; explicitFileType = wrapper.framework; includeInIndex = 0; path = Pods_GGPayKit_CategoryTests.framework; sourceTree = BUILT_PRODUCTS_DIR; };
		6308180C6BBEFBCB3EF1A647 /* Pods-GGPayKit_Category.debug.xcconfig */ = {isa = PBXFileReference; includeInIndex = 1; lastKnownFileType = text.xcconfig; name = "Pods-GGPayKit_Category.debug.xcconfig"; path = "Pods/Target Support Files/Pods-GGPayKit_Category/Pods-GGPayKit_Category.debug.xcconfig"; sourceTree = "<group>"; };
		A6964DF0EC753DF31B3BCA0E /* Pods-GGPayKit_CategoryTests.release.xcconfig */ = {isa = PBXFileReference; includeInIndex = 1; lastKnownFileType = text.xcconfig; name = "Pods-GGPayKit_CategoryTests.release.xcconfig"; path = "Pods/Target Support Files/Pods-GGPayKit_CategoryTests/Pods-GGPayKit_CategoryTests.release.xcconfig"; sourceTree = "<group>"; };
		B94F7410901AEFD33C17AEF7 /* Pods-GGPayKit_CategoryTests.debug.xcconfig */ = {isa = PBXFileReference; includeInIndex = 1; lastKnownFileType = text.xcconfig; name = "Pods-GGPayKit_CategoryTests.debug.xcconfig"; path = "Pods/Target Support Files/Pods-GGPayKit_CategoryTests/Pods-GGPayKit_CategoryTests.debug.xcconfig"; sourceTree = "<group>"; };
/* End PBXFileReference section */

/* Begin PBXFrameworksBuildPhase section */
		39BB2AEE208721D100CB884D /* Frameworks */ = {
			isa = PBXFrameworksBuildPhase;
			buildActionMask = 2147483647;
			files = (
				6CA8463AEF137D1E3E2DE79E /* Pods_GGPayKit_Category.framework in Frameworks */,
			);
			runOnlyForDeploymentPostprocessing = 0;
		};
		39BB2AF8208721D100CB884D /* Frameworks */ = {
			isa = PBXFrameworksBuildPhase;
			buildActionMask = 2147483647;
			files = (
				39BB2AFC208721D100CB884D /* GGPayKit_Category.framework in Frameworks */,
				BFC30D05D749F955B2E9FAC4 /* Pods_GGPayKit_CategoryTests.framework in Frameworks */,
			);
			runOnlyForDeploymentPostprocessing = 0;
		};
/* End PBXFrameworksBuildPhase section */

/* Begin PBXGroup section */
		39BB2AE8208721D100CB884D = {
			isa = PBXGroup;
			children = (
				39BB2AF4208721D100CB884D /* GGPayKit_Category */,
				39BB2AFF208721D100CB884D /* GGPayKit_CategoryTests */,
				39BB2AF3208721D100CB884D /* Products */,
				F18572D3385157047AD3EAB8 /* Pods */,
				5D82C2571875286FD3EA215C /* Frameworks */,
			);
			sourceTree = "<group>";
		};
		39BB2AF3208721D100CB884D /* Products */ = {
			isa = PBXGroup;
			children = (
				39BB2AF2208721D100CB884D /* GGPayKit_Category.framework */,
				39BB2AFB208721D100CB884D /* GGPayKit_CategoryTests.xctest */,
			);
			name = Products;
			sourceTree = "<group>";
		};
		39BB2AF4208721D100CB884D /* GGPayKit_Category */ = {
			isa = PBXGroup;
			children = (
				39BB2AF5208721D100CB884D /* GGPayKit_Category.h */,
				39BB2B0C2087231F00CB884D /* Sources */,
				39BB2AF6208721D100CB884D /* Info.plist */,
			);
			path = GGPayKit_Category;
			sourceTree = "<group>";
		};
		39BB2AFF208721D100CB884D /* GGPayKit_CategoryTests */ = {
			isa = PBXGroup;
			children = (
				39BB2B00208721D100CB884D /* GGPayKit_CategoryTests.m */,
				39BB2B02208721D100CB884D /* Info.plist */,
			);
			path = GGPayKit_CategoryTests;
			sourceTree = "<group>";
		};
		39BB2B0C2087231F00CB884D /* Sources */ = {
			isa = PBXGroup;
			children = (
				39BB2B0D2087234000CB884D /* FDMediator+GGPayKit.swift */,
			);
			path = Sources;
			sourceTree = "<group>";
		};
		5D82C2571875286FD3EA215C /* Frameworks */ = {
			isa = PBXGroup;
			children = (
				1D2D138EA2F6B7375BC886BF /* Pods_GGPayKit_Category.framework */,
				6025094A653CB6015F767A8D /* Pods_GGPayKit_CategoryTests.framework */,
			);
			name = Frameworks;
			sourceTree = "<group>";
		};
		F18572D3385157047AD3EAB8 /* Pods */ = {
			isa = PBXGroup;
			children = (
				6308180C6BBEFBCB3EF1A647 /* Pods-GGPayKit_Category.debug.xcconfig */,
				1977C8E1209A6B3DBE0B3CF9 /* Pods-GGPayKit_Category.release.xcconfig */,
				B94F7410901AEFD33C17AEF7 /* Pods-GGPayKit_CategoryTests.debug.xcconfig */,
				A6964DF0EC753DF31B3BCA0E /* Pods-GGPayKit_CategoryTests.release.xcconfig */,
			);
			name = Pods;
			sourceTree = "<group>";
		};
/* End PBXGroup section */

/* Begin PBXHeadersBuildPhase section */
		39BB2AEF208721D100CB884D /* Headers */ = {
			isa = PBXHeadersBuildPhase;
			buildActionMask = 2147483647;
			files = (
				39BB2B03208721D100CB884D /* GGPayKit_Category.h in Headers */,
			);
			runOnlyForDeploymentPostprocessing = 0;
		};
/* End PBXHeadersBuildPhase section */

/* Begin PBXNativeTarget section */
		39BB2AF1208721D100CB884D /* GGPayKit_Category */ = {
			isa = PBXNativeTarget;
			buildConfigurationList = 39BB2B06208721D100CB884D /* Build configuration list for PBXNativeTarget "GGPayKit_Category" */;
			buildPhases = (
				BF74AF87D6D039ADC9096E8F /* [CP] Check Pods Manifest.lock */,
				39BB2AED208721D100CB884D /* Sources */,
				39BB2AEE208721D100CB884D /* Frameworks */,
				39BB2AEF208721D100CB884D /* Headers */,
				39BB2AF0208721D100CB884D /* Resources */,
			);
			buildRules = (
			);
			dependencies = (
			);
			name = GGPayKit_Category;
			productName = GGPayKit_Category;
			productReference = 39BB2AF2208721D100CB884D /* GGPayKit_Category.framework */;
			productType = "com.apple.product-type.framework";
		};
		39BB2AFA208721D100CB884D /* GGPayKit_CategoryTests */ = {
			isa = PBXNativeTarget;
			buildConfigurationList = 39BB2B09208721D100CB884D /* Build configuration list for PBXNativeTarget "GGPayKit_CategoryTests" */;
			buildPhases = (
				665B98C87547F7B5334831B5 /* [CP] Check Pods Manifest.lock */,
				39BB2AF7208721D100CB884D /* Sources */,
				39BB2AF8208721D100CB884D /* Frameworks */,
				39BB2AF9208721D100CB884D /* Resources */,
				58418B2B0A582DAC632740E0 /* [CP] Embed Pods Frameworks */,
			);
			buildRules = (
			);
			dependencies = (
				39BB2AFE208721D100CB884D /* PBXTargetDependency */,
			);
			name = GGPayKit_CategoryTests;
			productName = GGPayKit_CategoryTests;
			productReference = 39BB2AFB208721D100CB884D /* GGPayKit_CategoryTests.xctest */;
			productType = "com.apple.product-type.bundle.unit-test";
		};
/* End PBXNativeTarget section */

/* Begin PBXProject section */
		39BB2AE9208721D100CB884D /* Project object */ = {
			isa = PBXProject;
			attributes = {
				LastUpgradeCheck = 0930;
				ORGANIZATIONNAME = "Youhao Gong 宫酉昊";
				TargetAttributes = {
					39BB2AF1208721D100CB884D = {
						CreatedOnToolsVersion = 9.3;
						LastSwiftMigration = 0930;
					};
					39BB2AFA208721D100CB884D = {
						CreatedOnToolsVersion = 9.3;
					};
				};
			};
			buildConfigurationList = 39BB2AEC208721D100CB884D /* Build configuration list for PBXProject "GGPayKit_Category" */;
			compatibilityVersion = "Xcode 9.3";
			developmentRegion = en;
			hasScannedForEncodings = 0;
			knownRegions = (
				en,
			);
			mainGroup = 39BB2AE8208721D100CB884D;
			productRefGroup = 39BB2AF3208721D100CB884D /* Products */;
			projectDirPath = "";
			projectRoot = "";
			targets = (
				39BB2AF1208721D100CB884D /* GGPayKit_Category */,
				39BB2AFA208721D100CB884D /* GGPayKit_CategoryTests */,
			);
		};
/* End PBXProject section */

/* Begin PBXResourcesBuildPhase section */
		39BB2AF0208721D100CB884D /* Resources */ = {
			isa = PBXResourcesBuildPhase;
			buildActionMask = 2147483647;
			files = (
			);
			runOnlyForDeploymentPostprocessing = 0;
		};
		39BB2AF9208721D100CB884D /* Resources */ = {
			isa = PBXResourcesBuildPhase;
			buildActionMask = 2147483647;
			files = (
			);
			runOnlyForDeploymentPostprocessing = 0;
		};
/* End PBXResourcesBuildPhase section */

/* Begin PBXShellScriptBuildPhase section */
		58418B2B0A582DAC632740E0 /* [CP] Embed Pods Frameworks */ = {
			isa = PBXShellScriptBuildPhase;
			buildActionMask = 2147483647;
			files = (
			);
			inputPaths = (
				"${SRCROOT}/Pods/Target Support Files/Pods-GGPayKit_CategoryTests/Pods-GGPayKit_CategoryTests-frameworks.sh",
				"${BUILT_PRODUCTS_DIR}/FDModuleMiddleware/FDModuleMiddleware.framework",
			);
			name = "[CP] Embed Pods Frameworks";
			outputPaths = (
				"${TARGET_BUILD_DIR}/${FRAMEWORKS_FOLDER_PATH}/FDModuleMiddleware.framework",
			);
			runOnlyForDeploymentPostprocessing = 0;
			shellPath = /bin/sh;
			shellScript = "\"${SRCROOT}/Pods/Target Support Files/Pods-GGPayKit_CategoryTests/Pods-GGPayKit_CategoryTests-frameworks.sh\"\n";
			showEnvVarsInLog = 0;
		};
		665B98C87547F7B5334831B5 /* [CP] Check Pods Manifest.lock */ = {
			isa = PBXShellScriptBuildPhase;
			buildActionMask = 2147483647;
			files = (
			);
			inputPaths = (
				"${PODS_PODFILE_DIR_PATH}/Podfile.lock",
				"${PODS_ROOT}/Manifest.lock",
			);
			name = "[CP] Check Pods Manifest.lock";
			outputPaths = (
				"$(DERIVED_FILE_DIR)/Pods-GGPayKit_CategoryTests-checkManifestLockResult.txt",
			);
			runOnlyForDeploymentPostprocessing = 0;
			shellPath = /bin/sh;
			shellScript = "diff \"${PODS_PODFILE_DIR_PATH}/Podfile.lock\" \"${PODS_ROOT}/Manifest.lock\" > /dev/null\nif [ $? != 0 ] ; then\n    # print error to STDERR\n    echo \"error: The sandbox is not in sync with the Podfile.lock. Run 'pod install' or update your CocoaPods installation.\" >&2\n    exit 1\nfi\n# This output is used by Xcode 'outputs' to avoid re-running this script phase.\necho \"SUCCESS\" > \"${SCRIPT_OUTPUT_FILE_0}\"\n";
			showEnvVarsInLog = 0;
		};
		BF74AF87D6D039ADC9096E8F /* [CP] Check Pods Manifest.lock */ = {
			isa = PBXShellScriptBuildPhase;
			buildActionMask = 2147483647;
			files = (
			);
			inputPaths = (
				"${PODS_PODFILE_DIR_PATH}/Podfile.lock",
				"${PODS_ROOT}/Manifest.lock",
			);
			name = "[CP] Check Pods Manifest.lock";
			outputPaths = (
				"$(DERIVED_FILE_DIR)/Pods-GGPayKit_Category-checkManifestLockResult.txt",
			);
			runOnlyForDeploymentPostprocessing = 0;
			shellPath = /bin/sh;
			shellScript = "diff \"${PODS_PODFILE_DIR_PATH}/Podfile.lock\" \"${PODS_ROOT}/Manifest.lock\" > /dev/null\nif [ $? != 0 ] ; then\n    # print error to STDERR\n    echo \"error: The sandbox is not in sync with the Podfile.lock. Run 'pod install' or update your CocoaPods installation.\" >&2\n    exit 1\nfi\n# This output is used by Xcode 'outputs' to avoid re-running this script phase.\necho \"SUCCESS\" > \"${SCRIPT_OUTPUT_FILE_0}\"\n";
			showEnvVarsInLog = 0;
		};
/* End PBXShellScriptBuildPhase section */

/* Begin PBXSourcesBuildPhase section */
		39BB2AED208721D100CB884D /* Sources */ = {
			isa = PBXSourcesBuildPhase;
			buildActionMask = 2147483647;
			files = (
				39BB2B0E2087234000CB884D /* FDMediator+GGPayKit.swift in Sources */,
			);
			runOnlyForDeploymentPostprocessing = 0;
		};
		39BB2AF7208721D100CB884D /* Sources */ = {
			isa = PBXSourcesBuildPhase;
			buildActionMask = 2147483647;
			files = (
				39BB2B01208721D100CB884D /* GGPayKit_CategoryTests.m in Sources */,
			);
			runOnlyForDeploymentPostprocessing = 0;
		};
/* End PBXSourcesBuildPhase section */

/* Begin PBXTargetDependency section */
		39BB2AFE208721D100CB884D /* PBXTargetDependency */ = {
			isa = PBXTargetDependency;
			target = 39BB2AF1208721D100CB884D /* GGPayKit_Category */;
			targetProxy = 39BB2AFD208721D100CB884D /* PBXContainerItemProxy */;
		};
/* End PBXTargetDependency section */

/* Begin XCBuildConfiguration section */
		39BB2B04208721D100CB884D /* Debug */ = {
			isa = XCBuildConfiguration;
			buildSettings = {
				ALWAYS_SEARCH_USER_PATHS = NO;
				CLANG_ANALYZER_NONNULL = YES;
				CLANG_ANALYZER_NUMBER_OBJECT_CONVERSION = YES_AGGRESSIVE;
				CLANG_CXX_LANGUAGE_STANDARD = "gnu++14";
				CLANG_CXX_LIBRARY = "libc++";
				CLANG_ENABLE_MODULES = YES;
				CLANG_ENABLE_OBJC_ARC = YES;
				CLANG_ENABLE_OBJC_WEAK = YES;
				CLANG_WARN_BLOCK_CAPTURE_AUTORELEASING = YES;
				CLANG_WARN_BOOL_CONVERSION = YES;
				CLANG_WARN_COMMA = YES;
				CLANG_WARN_CONSTANT_CONVERSION = YES;
				CLANG_WARN_DEPRECATED_OBJC_IMPLEMENTATIONS = YES;
				CLANG_WARN_DIRECT_OBJC_ISA_USAGE = YES_ERROR;
				CLANG_WARN_DOCUMENTATION_COMMENTS = YES;
				CLANG_WARN_EMPTY_BODY = YES;
				CLANG_WARN_ENUM_CONVERSION = YES;
				CLANG_WARN_INFINITE_RECURSION = YES;
				CLANG_WARN_INT_CONVERSION = YES;
				CLANG_WARN_NON_LITERAL_NULL_CONVERSION = YES;
				CLANG_WARN_OBJC_IMPLICIT_RETAIN_SELF = YES;
				CLANG_WARN_OBJC_LITERAL_CONVERSION = YES;
				CLANG_WARN_OBJC_ROOT_CLASS = YES_ERROR;
				CLANG_WARN_RANGE_LOOP_ANALYSIS = YES;
				CLANG_WARN_STRICT_PROTOTYPES = YES;
				CLANG_WARN_SUSPICIOUS_MOVE = YES;
				CLANG_WARN_UNGUARDED_AVAILABILITY = YES_AGGRESSIVE;
				CLANG_WARN_UNREACHABLE_CODE = YES;
				CLANG_WARN__DUPLICATE_METHOD_MATCH = YES;
				CODE_SIGN_IDENTITY = "iPhone Developer";
				COPY_PHASE_STRIP = NO;
				CURRENT_PROJECT_VERSION = 1;
				DEBUG_INFORMATION_FORMAT = dwarf;
				ENABLE_STRICT_OBJC_MSGSEND = YES;
				ENABLE_TESTABILITY = YES;
				GCC_C_LANGUAGE_STANDARD = gnu11;
				GCC_DYNAMIC_NO_PIC = NO;
				GCC_NO_COMMON_BLOCKS = YES;
				GCC_OPTIMIZATION_LEVEL = 0;
				GCC_PREPROCESSOR_DEFINITIONS = (
					"DEBUG=1",
					"$(inherited)",
				);
				GCC_WARN_64_TO_32_BIT_CONVERSION = YES;
				GCC_WARN_ABOUT_RETURN_TYPE = YES_ERROR;
				GCC_WARN_UNDECLARED_SELECTOR = YES;
				GCC_WARN_UNINITIALIZED_AUTOS = YES_AGGRESSIVE;
				GCC_WARN_UNUSED_FUNCTION = YES;
				GCC_WARN_UNUSED_VARIABLE = YES;
				IPHONEOS_DEPLOYMENT_TARGET = 11.3;
				MTL_ENABLE_DEBUG_INFO = YES;
				ONLY_ACTIVE_ARCH = YES;
				SDKROOT = iphoneos;
				VERSIONING_SYSTEM = "apple-generic";
				VERSION_INFO_PREFIX = "";
			};
			name = Debug;
		};
		39BB2B05208721D100CB884D /* Release */ = {
			isa = XCBuildConfiguration;
			buildSettings = {
				ALWAYS_SEARCH_USER_PATHS = NO;
				CLANG_ANALYZER_NONNULL = YES;
				CLANG_ANALYZER_NUMBER_OBJECT_CONVERSION = YES_AGGRESSIVE;
				CLANG_CXX_LANGUAGE_STANDARD = "gnu++14";
				CLANG_CXX_LIBRARY = "libc++";
				CLANG_ENABLE_MODULES = YES;
				CLANG_ENABLE_OBJC_ARC = YES;
				CLANG_ENABLE_OBJC_WEAK = YES;
				CLANG_WARN_BLOCK_CAPTURE_AUTORELEASING = YES;
				CLANG_WARN_BOOL_CONVERSION = YES;
				CLANG_WARN_COMMA = YES;
				CLANG_WARN_CONSTANT_CONVERSION = YES;
				CLANG_WARN_DEPRECATED_OBJC_IMPLEMENTATIONS = YES;
				CLANG_WARN_DIRECT_OBJC_ISA_USAGE = YES_ERROR;
				CLANG_WARN_DOCUMENTATION_COMMENTS = YES;
				CLANG_WARN_EMPTY_BODY = YES;
				CLANG_WARN_ENUM_CONVERSION = YES;
				CLANG_WARN_INFINITE_RECURSION = YES;
				CLANG_WARN_INT_CONVERSION = YES;
				CLANG_WARN_NON_LITERAL_NULL_CONVERSION = YES;
				CLANG_WARN_OBJC_IMPLICIT_RETAIN_SELF = YES;
				CLANG_WARN_OBJC_LITERAL_CONVERSION = YES;
				CLANG_WARN_OBJC_ROOT_CLASS = YES_ERROR;
				CLANG_WARN_RANGE_LOOP_ANALYSIS = YES;
				CLANG_WARN_STRICT_PROTOTYPES = YES;
				CLANG_WARN_SUSPICIOUS_MOVE = YES;
				CLANG_WARN_UNGUARDED_AVAILABILITY = YES_AGGRESSIVE;
				CLANG_WARN_UNREACHABLE_CODE = YES;
				CLANG_WARN__DUPLICATE_METHOD_MATCH = YES;
				CODE_SIGN_IDENTITY = "iPhone Developer";
				COPY_PHASE_STRIP = NO;
				CURRENT_PROJECT_VERSION = 1;
				DEBUG_INFORMATION_FORMAT = "dwarf-with-dsym";
				ENABLE_NS_ASSERTIONS = NO;
				ENABLE_STRICT_OBJC_MSGSEND = YES;
				GCC_C_LANGUAGE_STANDARD = gnu11;
				GCC_NO_COMMON_BLOCKS = YES;
				GCC_WARN_64_TO_32_BIT_CONVERSION = YES;
				GCC_WARN_ABOUT_RETURN_TYPE = YES_ERROR;
				GCC_WARN_UNDECLARED_SELECTOR = YES;
				GCC_WARN_UNINITIALIZED_AUTOS = YES_AGGRESSIVE;
				GCC_WARN_UNUSED_FUNCTION = YES;
				GCC_WARN_UNUSED_VARIABLE = YES;
				IPHONEOS_DEPLOYMENT_TARGET = 11.3;
				MTL_ENABLE_DEBUG_INFO = NO;
				SDKROOT = iphoneos;
				VALIDATE_PRODUCT = YES;
				VERSIONING_SYSTEM = "apple-generic";
				VERSION_INFO_PREFIX = "";
			};
			name = Release;
		};
		39BB2B07208721D100CB884D /* Debug */ = {
			isa = XCBuildConfiguration;
			baseConfigurationReference = 6308180C6BBEFBCB3EF1A647 /* Pods-GGPayKit_Category.debug.xcconfig */;
			buildSettings = {
				CLANG_ENABLE_MODULES = YES;
				CODE_SIGN_IDENTITY = "";
				CODE_SIGN_STYLE = Automatic;
				DEFINES_MODULE = YES;
				DEVELOPMENT_TEAM = L8MRL9B64V;
				DYLIB_COMPATIBILITY_VERSION = 1;
				DYLIB_CURRENT_VERSION = 1;
				DYLIB_INSTALL_NAME_BASE = "@rpath";
				INFOPLIST_FILE = GGPayKit_Category/Info.plist;
				INSTALL_PATH = "$(LOCAL_LIBRARY_DIR)/Frameworks";
				LD_RUNPATH_SEARCH_PATHS = (
					"$(inherited)",
					"@executable_path/Frameworks",
					"@loader_path/Frameworks",
				);
				PRODUCT_BUNDLE_IDENTIFIER = "none.GGPayKit-Category";
				PRODUCT_NAME = "$(TARGET_NAME:c99extidentifier)";
				SKIP_INSTALL = YES;
				SWIFT_OPTIMIZATION_LEVEL = "-Onone";
				SWIFT_VERSION = 3.0;
				TARGETED_DEVICE_FAMILY = "1,2";
			};
			name = Debug;
		};
		39BB2B08208721D100CB884D /* Release */ = {
			isa = XCBuildConfiguration;
			baseConfigurationReference = 1977C8E1209A6B3DBE0B3CF9 /* Pods-GGPayKit_Category.release.xcconfig */;
			buildSettings = {
				CLANG_ENABLE_MODULES = YES;
				CODE_SIGN_IDENTITY = "";
				CODE_SIGN_STYLE = Automatic;
				DEFINES_MODULE = YES;
				DEVELOPMENT_TEAM = L8MRL9B64V;
				DYLIB_COMPATIBILITY_VERSION = 1;
				DYLIB_CURRENT_VERSION = 1;
				DYLIB_INSTALL_NAME_BASE = "@rpath";
				INFOPLIST_FILE = GGPayKit_Category/Info.plist;
				INSTALL_PATH = "$(LOCAL_LIBRARY_DIR)/Frameworks";
				LD_RUNPATH_SEARCH_PATHS = (
					"$(inherited)",
					"@executable_path/Frameworks",
					"@loader_path/Frameworks",
				);
				PRODUCT_BUNDLE_IDENTIFIER = "none.GGPayKit-Category";
				PRODUCT_NAME = "$(TARGET_NAME:c99extidentifier)";
				SKIP_INSTALL = YES;
				SWIFT_VERSION = 3.0;
				TARGETED_DEVICE_FAMILY = "1,2";
			};
			name = Release;
		};
		39BB2B0A208721D100CB884D /* Debug */ = {
			isa = XCBuildConfiguration;
			baseConfigurationReference = B94F7410901AEFD33C17AEF7 /* Pods-GGPayKit_CategoryTests.debug.xcconfig */;
			buildSettings = {
				ALWAYS_EMBED_SWIFT_STANDARD_LIBRARIES = YES;
				CODE_SIGN_STYLE = Automatic;
				DEVELOPMENT_TEAM = L8MRL9B64V;
				INFOPLIST_FILE = GGPayKit_CategoryTests/Info.plist;
				LD_RUNPATH_SEARCH_PATHS = (
					"$(inherited)",
					"@executable_path/Frameworks",
					"@loader_path/Frameworks",
				);
				PRODUCT_BUNDLE_IDENTIFIER = "none.GGPayKit-CategoryTests";
				PRODUCT_NAME = "$(TARGET_NAME)";
				TARGETED_DEVICE_FAMILY = "1,2";
			};
			name = Debug;
		};
		39BB2B0B208721D100CB884D /* Release */ = {
			isa = XCBuildConfiguration;
			baseConfigurationReference = A6964DF0EC753DF31B3BCA0E /* Pods-GGPayKit_CategoryTests.release.xcconfig */;
			buildSettings = {
				ALWAYS_EMBED_SWIFT_STANDARD_LIBRARIES = YES;
				CODE_SIGN_STYLE = Automatic;
				DEVELOPMENT_TEAM = L8MRL9B64V;
				INFOPLIST_FILE = GGPayKit_CategoryTests/Info.plist;
				LD_RUNPATH_SEARCH_PATHS = (
					"$(inherited)",
					"@executable_path/Frameworks",
					"@loader_path/Frameworks",
				);
				PRODUCT_BUNDLE_IDENTIFIER = "none.GGPayKit-CategoryTests";
				PRODUCT_NAME = "$(TARGET_NAME)";
				TARGETED_DEVICE_FAMILY = "1,2";
			};
			name = Release;
		};
/* End XCBuildConfiguration section */

/* Begin XCConfigurationList section */
		39BB2AEC208721D100CB884D /* Build configuration list for PBXProject "GGPayKit_Category" */ = {
			isa = XCConfigurationList;
			buildConfigurations = (
				39BB2B04208721D100CB884D /* Debug */,
				39BB2B05208721D100CB884D /* Release */,
			);
			defaultConfigurationIsVisible = 0;
			defaultConfigurationName = Release;
		};
		39BB2B06208721D100CB884D /* Build configuration list for PBXNativeTarget "GGPayKit_Category" */ = {
			isa = XCConfigurationList;
			buildConfigurations = (
				39BB2B07208721D100CB884D /* Debug */,
				39BB2B08208721D100CB884D /* Release */,
			);
			defaultConfigurationIsVisible = 0;
			defaultConfigurationName = Release;
		};
		39BB2B09208721D100CB884D /* Build configuration list for PBXNativeTarget "GGPayKit_CategoryTests" */ = {
			isa = XCConfigurationList;
			buildConfigurations = (
				39BB2B0A208721D100CB884D /* Debug */,
				39BB2B0B208721D100CB884D /* Release */,
			);
			defaultConfigurationIsVisible = 0;
			defaultConfigurationName = Release;
		};
/* End XCConfigurationList section */
	};
	rootObject = 39BB2AE9208721D100CB884D /* Project object */;
}
